// !$*UTF8*$!
{
	archiveVersion = 1;
	classes = {
	};
	objectVersion = 56;
	objects = {

/* Begin PBXBuildFile section */
		1F9E44C72BFF146200C29671 /* Database.swift in Sources */ = {isa = PBXBuildFile; fileRef = 1F9E44C62BFF146200C29671 /* Database.swift */; };
		1F9F017E2BF851D0007CC9EB /* ShopApp.swift in Sources */ = {isa = PBXBuildFile; fileRef = 1F9F017D2BF851D0007CC9EB /* ShopApp.swift */; };
		1F9F01802BF851D0007CC9EB /* ContentView.swift in Sources */ = {isa = PBXBuildFile; fileRef = 1F9F017F2BF851D0007CC9EB /* ContentView.swift */; };
		1F9F01822BF851D1007CC9EB /* Assets.xcassets in Resources */ = {isa = PBXBuildFile; fileRef = 1F9F01812BF851D1007CC9EB /* Assets.xcassets */; };
		1F9F01852BF851D1007CC9EB /* Preview Assets.xcassets in Resources */ = {isa = PBXBuildFile; fileRef = 1F9F01842BF851D1007CC9EB /* Preview Assets.xcassets */; };
		1F9F018D2BF85257007CC9EB /* Splash.swift in Sources */ = {isa = PBXBuildFile; fileRef = 1F9F018C2BF85257007CC9EB /* Splash.swift */; };
		1F9F018F2BF8530D007CC9EB /* Onboarding.swift in Sources */ = {isa = PBXBuildFile; fileRef = 1F9F018E2BF8530D007CC9EB /* Onboarding.swift */; };
		1F9F01912BF86695007CC9EB /* SignIn.swift in Sources */ = {isa = PBXBuildFile; fileRef = 1F9F01902BF86695007CC9EB /* SignIn.swift */; };
		1F9F01932BF86BA1007CC9EB /* SignUp.swift in Sources */ = {isa = PBXBuildFile; fileRef = 1F9F01922BF86BA1007CC9EB /* SignUp.swift */; };
		1F9F01982BF87287007CC9EB /* FirebaseAnalytics in Frameworks */ = {isa = PBXBuildFile; productRef = 1F9F01972BF87287007CC9EB /* FirebaseAnalytics */; };
		1F9F019A2BF87287007CC9EB /* FirebaseAnalyticsOnDeviceConversion in Frameworks */ = {isa = PBXBuildFile; productRef = 1F9F01992BF87287007CC9EB /* FirebaseAnalyticsOnDeviceConversion */; };
		1F9F019C2BF87287007CC9EB /* FirebaseAnalyticsSwift in Frameworks */ = {isa = PBXBuildFile; productRef = 1F9F019B2BF87287007CC9EB /* FirebaseAnalyticsSwift */; };
		1F9F019E2BF87287007CC9EB /* FirebaseAnalyticsWithoutAdIdSupport in Frameworks */ = {isa = PBXBuildFile; productRef = 1F9F019D2BF87287007CC9EB /* FirebaseAnalyticsWithoutAdIdSupport */; };
		1F9F01A02BF87287007CC9EB /* FirebaseAppCheck in Frameworks */ = {isa = PBXBuildFile; productRef = 1F9F019F2BF87287007CC9EB /* FirebaseAppCheck */; };
		1F9F01A22BF87287007CC9EB /* FirebaseAppDistribution-Beta in Frameworks */ = {isa = PBXBuildFile; productRef = 1F9F01A12BF87287007CC9EB /* FirebaseAppDistribution-Beta */; };
		1F9F01A42BF87287007CC9EB /* FirebaseAuth in Frameworks */ = {isa = PBXBuildFile; productRef = 1F9F01A32BF87287007CC9EB /* FirebaseAuth */; };
		1F9F01A62BF87287007CC9EB /* FirebaseAuthCombine-Community in Frameworks */ = {isa = PBXBuildFile; productRef = 1F9F01A52BF87287007CC9EB /* FirebaseAuthCombine-Community */; };
		1F9F01A82BF87287007CC9EB /* FirebaseCrashlytics in Frameworks */ = {isa = PBXBuildFile; productRef = 1F9F01A72BF87287007CC9EB /* FirebaseCrashlytics */; };
		1F9F01AA2BF87287007CC9EB /* FirebaseDatabase in Frameworks */ = {isa = PBXBuildFile; productRef = 1F9F01A92BF87287007CC9EB /* FirebaseDatabase */; };
		1F9F01AC2BF87287007CC9EB /* FirebaseDatabaseSwift in Frameworks */ = {isa = PBXBuildFile; productRef = 1F9F01AB2BF87287007CC9EB /* FirebaseDatabaseSwift */; };
		1F9F01AE2BF87287007CC9EB /* FirebaseDynamicLinks in Frameworks */ = {isa = PBXBuildFile; productRef = 1F9F01AD2BF87287007CC9EB /* FirebaseDynamicLinks */; };
		1F9F01B02BF87287007CC9EB /* FirebaseFirestore in Frameworks */ = {isa = PBXBuildFile; productRef = 1F9F01AF2BF87287007CC9EB /* FirebaseFirestore */; };
		1F9F01B22BF87287007CC9EB /* FirebaseFirestoreCombine-Community in Frameworks */ = {isa = PBXBuildFile; productRef = 1F9F01B12BF87287007CC9EB /* FirebaseFirestoreCombine-Community */; };
		1F9F01B42BF87287007CC9EB /* FirebaseFirestoreSwift in Frameworks */ = {isa = PBXBuildFile; productRef = 1F9F01B32BF87287007CC9EB /* FirebaseFirestoreSwift */; };
		1F9F01B62BF87287007CC9EB /* FirebaseFunctions in Frameworks */ = {isa = PBXBuildFile; productRef = 1F9F01B52BF87287007CC9EB /* FirebaseFunctions */; };
		1F9F01B82BF87287007CC9EB /* FirebaseFunctionsCombine-Community in Frameworks */ = {isa = PBXBuildFile; productRef = 1F9F01B72BF87287007CC9EB /* FirebaseFunctionsCombine-Community */; };
		1F9F01BA2BF87287007CC9EB /* FirebaseInAppMessaging-Beta in Frameworks */ = {isa = PBXBuildFile; productRef = 1F9F01B92BF87287007CC9EB /* FirebaseInAppMessaging-Beta */; };
		1F9F01BC2BF87287007CC9EB /* FirebaseInAppMessagingSwift-Beta in Frameworks */ = {isa = PBXBuildFile; productRef = 1F9F01BB2BF87287007CC9EB /* FirebaseInAppMessagingSwift-Beta */; };
		1F9F01BE2BF87287007CC9EB /* FirebaseInstallations in Frameworks */ = {isa = PBXBuildFile; productRef = 1F9F01BD2BF87287007CC9EB /* FirebaseInstallations */; };
		1F9F01C02BF87287007CC9EB /* FirebaseMLModelDownloader in Frameworks */ = {isa = PBXBuildFile; productRef = 1F9F01BF2BF87287007CC9EB /* FirebaseMLModelDownloader */; };
		1F9F01C22BF87287007CC9EB /* FirebaseMessaging in Frameworks */ = {isa = PBXBuildFile; productRef = 1F9F01C12BF87287007CC9EB /* FirebaseMessaging */; };
		1F9F01C42BF87287007CC9EB /* FirebasePerformance in Frameworks */ = {isa = PBXBuildFile; productRef = 1F9F01C32BF87287007CC9EB /* FirebasePerformance */; };
		1F9F01C62BF87287007CC9EB /* FirebaseRemoteConfig in Frameworks */ = {isa = PBXBuildFile; productRef = 1F9F01C52BF87287007CC9EB /* FirebaseRemoteConfig */; };
		1F9F01C82BF87287007CC9EB /* FirebaseRemoteConfigSwift in Frameworks */ = {isa = PBXBuildFile; productRef = 1F9F01C72BF87287007CC9EB /* FirebaseRemoteConfigSwift */; };
		1F9F01CA2BF87287007CC9EB /* FirebaseStorage in Frameworks */ = {isa = PBXBuildFile; productRef = 1F9F01C92BF87287007CC9EB /* FirebaseStorage */; };
		1F9F01CC2BF87287007CC9EB /* FirebaseStorageCombine-Community in Frameworks */ = {isa = PBXBuildFile; productRef = 1F9F01CB2BF87287007CC9EB /* FirebaseStorageCombine-Community */; };
		1F9F01CE2BF87287007CC9EB /* FirebaseVertexAI-Preview in Frameworks */ = {isa = PBXBuildFile; productRef = 1F9F01CD2BF87287007CC9EB /* FirebaseVertexAI-Preview */; };
		1FB0CD412BFD9B6B00D5BFD1 /* BrandsModel.swift in Sources */ = {isa = PBXBuildFile; fileRef = 1FB0CD402BFD9B6B00D5BFD1 /* BrandsModel.swift */; };
		1FB0CD432BFD9F2E00D5BFD1 /* CarsModel.swift in Sources */ = {isa = PBXBuildFile; fileRef = 1FB0CD422BFD9F2E00D5BFD1 /* CarsModel.swift */; };
		1FB0CD452BFDA68E00D5BFD1 /* Home.swift in Sources */ = {isa = PBXBuildFile; fileRef = 1FB0CD442BFDA68E00D5BFD1 /* Home.swift */; };
		1FB0CD492BFF02E000D5BFD1 /* Car.swift in Sources */ = {isa = PBXBuildFile; fileRef = 1FB0CD482BFF02E000D5BFD1 /* Car.swift */; };
		1FB0CD4B2BFF050B00D5BFD1 /* GoogleService-Info.plist in Resources */ = {isa = PBXBuildFile; fileRef = 1FB0CD4A2BFF050B00D5BFD1 /* GoogleService-Info.plist */; };
		1FB0CD4E2BFF05F300D5BFD1 /* ImageSlider.swift in Sources */ = {isa = PBXBuildFile; fileRef = 1FB0CD4D2BFF05F300D5BFD1 /* ImageSlider.swift */; };
/* End PBXBuildFile section */

/* Begin PBXFileReference section */
		1F9E44C62BFF146200C29671 /* Database.swift */ = {isa = PBXFileReference; lastKnownFileType = sourcecode.swift; path = Database.swift; sourceTree = "<group>"; };
		1F9F017A2BF851D0007CC9EB /* Car Shop.app */ = {isa = PBXFileReference; explicitFileType = wrapper.application; includeInIndex = 0; path = "Car Shop.app"; sourceTree = BUILT_PRODUCTS_DIR; };
		1F9F017D2BF851D0007CC9EB /* ShopApp.swift */ = {isa = PBXFileReference; lastKnownFileType = sourcecode.swift; path = ShopApp.swift; sourceTree = "<group>"; };
		1F9F017F2BF851D0007CC9EB /* ContentView.swift */ = {isa = PBXFileReference; lastKnownFileType = sourcecode.swift; path = ContentView.swift; sourceTree = "<group>"; };
		1F9F01812BF851D1007CC9EB /* Assets.xcassets */ = {isa = PBXFileReference; lastKnownFileType = folder.assetcatalog; path = Assets.xcassets; sourceTree = "<group>"; };
		1F9F01842BF851D1007CC9EB /* Preview Assets.xcassets */ = {isa = PBXFileReference; lastKnownFileType = folder.assetcatalog; path = "Preview Assets.xcassets"; sourceTree = "<group>"; };
		1F9F018C2BF85257007CC9EB /* Splash.swift */ = {isa = PBXFileReference; lastKnownFileType = sourcecode.swift; path = Splash.swift; sourceTree = "<group>"; };
		1F9F018E2BF8530D007CC9EB /* Onboarding.swift */ = {isa = PBXFileReference; lastKnownFileType = sourcecode.swift; path = Onboarding.swift; sourceTree = "<group>"; };
		1F9F01902BF86695007CC9EB /* SignIn.swift */ = {isa = PBXFileReference; lastKnownFileType = sourcecode.swift; path = SignIn.swift; sourceTree = "<group>"; };
		1F9F01922BF86BA1007CC9EB /* SignUp.swift */ = {isa = PBXFileReference; lastKnownFileType = sourcecode.swift; path = SignUp.swift; sourceTree = "<group>"; };
		1FB0CD402BFD9B6B00D5BFD1 /* BrandsModel.swift */ = {isa = PBXFileReference; lastKnownFileType = sourcecode.swift; path = BrandsModel.swift; sourceTree = "<group>"; };
		1FB0CD422BFD9F2E00D5BFD1 /* CarsModel.swift */ = {isa = PBXFileReference; lastKnownFileType = sourcecode.swift; path = CarsModel.swift; sourceTree = "<group>"; };
		1FB0CD442BFDA68E00D5BFD1 /* Home.swift */ = {isa = PBXFileReference; lastKnownFileType = sourcecode.swift; path = Home.swift; sourceTree = "<group>"; };
		1FB0CD482BFF02E000D5BFD1 /* Car.swift */ = {isa = PBXFileReference; lastKnownFileType = sourcecode.swift; path = Car.swift; sourceTree = "<group>"; };
		1FB0CD4A2BFF050B00D5BFD1 /* GoogleService-Info.plist */ = {isa = PBXFileReference; fileEncoding = 4; lastKnownFileType = text.plist.xml; path = "GoogleService-Info.plist"; sourceTree = "<group>"; };
		1FB0CD4D2BFF05F300D5BFD1 /* ImageSlider.swift */ = {isa = PBXFileReference; lastKnownFileType = sourcecode.swift; path = ImageSlider.swift; sourceTree = "<group>"; };
/* End PBXFileReference section */

/* Begin PBXFrameworksBuildPhase section */
		1F9F01772BF851D0007CC9EB /* Frameworks */ = {
			isa = PBXFrameworksBuildPhase;
			buildActionMask = 2147483647;
			files = (
				1F9F01AA2BF87287007CC9EB /* FirebaseDatabase in Frameworks */,
				1F9F01B82BF87287007CC9EB /* FirebaseFunctionsCombine-Community in Frameworks */,
				1F9F01B02BF87287007CC9EB /* FirebaseFirestore in Frameworks */,
				1F9F019C2BF87287007CC9EB /* FirebaseAnalyticsSwift in Frameworks */,
				1F9F01982BF87287007CC9EB /* FirebaseAnalytics in Frameworks */,
				1F9F019A2BF87287007CC9EB /* FirebaseAnalyticsOnDeviceConversion in Frameworks */,
				1F9F01C02BF87287007CC9EB /* FirebaseMLModelDownloader in Frameworks */,
				1F9F01B42BF87287007CC9EB /* FirebaseFirestoreSwift in Frameworks */,
				1F9F01A02BF87287007CC9EB /* FirebaseAppCheck in Frameworks */,
				1F9F019E2BF87287007CC9EB /* FirebaseAnalyticsWithoutAdIdSupport in Frameworks */,
				1F9F01A42BF87287007CC9EB /* FirebaseAuth in Frameworks */,
				1F9F01A82BF87287007CC9EB /* FirebaseCrashlytics in Frameworks */,
				1F9F01C82BF87287007CC9EB /* FirebaseRemoteConfigSwift in Frameworks */,
				1F9F01BA2BF87287007CC9EB /* FirebaseInAppMessaging-Beta in Frameworks */,
				1F9F01AC2BF87287007CC9EB /* FirebaseDatabaseSwift in Frameworks */,
				1F9F01B62BF87287007CC9EB /* FirebaseFunctions in Frameworks */,
				1F9F01CC2BF87287007CC9EB /* FirebaseStorageCombine-Community in Frameworks */,
				1F9F01C62BF87287007CC9EB /* FirebaseRemoteConfig in Frameworks */,
				1F9F01A22BF87287007CC9EB /* FirebaseAppDistribution-Beta in Frameworks */,
				1F9F01A62BF87287007CC9EB /* FirebaseAuthCombine-Community in Frameworks */,
				1F9F01C42BF87287007CC9EB /* FirebasePerformance in Frameworks */,
				1F9F01BC2BF87287007CC9EB /* FirebaseInAppMessagingSwift-Beta in Frameworks */,
				1F9F01CA2BF87287007CC9EB /* FirebaseStorage in Frameworks */,
				1F9F01AE2BF87287007CC9EB /* FirebaseDynamicLinks in Frameworks */,
				1F9F01CE2BF87287007CC9EB /* FirebaseVertexAI-Preview in Frameworks */,
				1F9F01B22BF87287007CC9EB /* FirebaseFirestoreCombine-Community in Frameworks */,
				1F9F01C22BF87287007CC9EB /* FirebaseMessaging in Frameworks */,
				1F9F01BE2BF87287007CC9EB /* FirebaseInstallations in Frameworks */,
			);
			runOnlyForDeploymentPostprocessing = 0;
		};
/* End PBXFrameworksBuildPhase section */

/* Begin PBXGroup section */
		1F9E44C52BFF141900C29671 /* Database */ = {
			isa = PBXGroup;
			children = (
				1F9E44C62BFF146200C29671 /* Database.swift */,
			);
			path = Database;
			sourceTree = "<group>";
		};
		1F9F01712BF851D0007CC9EB = {
			isa = PBXGroup;
			children = (
				1F9F017C2BF851D0007CC9EB /* Shop */,
				1F9F017B2BF851D0007CC9EB /* Products */,
			);
			sourceTree = "<group>";
		};
		1F9F017B2BF851D0007CC9EB /* Products */ = {
			isa = PBXGroup;
			children = (
				1F9F017A2BF851D0007CC9EB /* Car Shop.app */,
			);
			name = Products;
			sourceTree = "<group>";
		};
		1F9F017C2BF851D0007CC9EB /* Shop */ = {
			isa = PBXGroup;
			children = (
				1FB0CD4A2BFF050B00D5BFD1 /* GoogleService-Info.plist */,
				1F9E44C52BFF141900C29671 /* Database */,
				1FB0CD3F2BFD9B3600D5BFD1 /* Models */,
				1F9F018B2BF8521C007CC9EB /* Views */,
				1FB0CD4C2BFF053D00D5BFD1 /* Components */,
				1F9F017D2BF851D0007CC9EB /* ShopApp.swift */,
				1F9F017F2BF851D0007CC9EB /* ContentView.swift */,
				1F9F01812BF851D1007CC9EB /* Assets.xcassets */,
				1F9F01832BF851D1007CC9EB /* Preview Content */,
			);
			path = Shop;
			sourceTree = "<group>";
		};
		1F9F01832BF851D1007CC9EB /* Preview Content */ = {
			isa = PBXGroup;
			children = (
				1F9F01842BF851D1007CC9EB /* Preview Assets.xcassets */,
			);
			path = "Preview Content";
			sourceTree = "<group>";
		};
		1F9F018B2BF8521C007CC9EB /* Views */ = {
			isa = PBXGroup;
			children = (
				1F9F018C2BF85257007CC9EB /* Splash.swift */,
				1F9F018E2BF8530D007CC9EB /* Onboarding.swift */,
				1F9F01902BF86695007CC9EB /* SignIn.swift */,
				1F9F01922BF86BA1007CC9EB /* SignUp.swift */,
				1FB0CD442BFDA68E00D5BFD1 /* Home.swift */,
				1FB0CD482BFF02E000D5BFD1 /* Car.swift */,
			);
			path = Views;
			sourceTree = "<group>";
		};
		1FB0CD3F2BFD9B3600D5BFD1 /* Models */ = {
			isa = PBXGroup;
			children = (
				1FB0CD402BFD9B6B00D5BFD1 /* BrandsModel.swift */,
				1FB0CD422BFD9F2E00D5BFD1 /* CarsModel.swift */,
			);
			path = Models;
			sourceTree = "<group>";
		};
		1FB0CD4C2BFF053D00D5BFD1 /* Components */ = {
			isa = PBXGroup;
			children = (
				1FB0CD4D2BFF05F300D5BFD1 /* ImageSlider.swift */,
			);
			path = Components;
			sourceTree = "<group>";
		};
/* End PBXGroup section */

/* Begin PBXNativeTarget section */
		1F9F01792BF851D0007CC9EB /* Shop */ = {
			isa = PBXNativeTarget;
			buildConfigurationList = 1F9F01882BF851D1007CC9EB /* Build configuration list for PBXNativeTarget "Shop" */;
			buildPhases = (
				1F9F01762BF851D0007CC9EB /* Sources */,
				1F9F01772BF851D0007CC9EB /* Frameworks */,
				1F9F01782BF851D0007CC9EB /* Resources */,
			);
			buildRules = (
			);
			dependencies = (
			);
			name = Shop;
			packageProductDependencies = (
				1F9F01972BF87287007CC9EB /* FirebaseAnalytics */,
				1F9F01992BF87287007CC9EB /* FirebaseAnalyticsOnDeviceConversion */,
				1F9F019B2BF87287007CC9EB /* FirebaseAnalyticsSwift */,
				1F9F019D2BF87287007CC9EB /* FirebaseAnalyticsWithoutAdIdSupport */,
				1F9F019F2BF87287007CC9EB /* FirebaseAppCheck */,
				1F9F01A12BF87287007CC9EB /* FirebaseAppDistribution-Beta */,
				1F9F01A32BF87287007CC9EB /* FirebaseAuth */,
				1F9F01A52BF87287007CC9EB /* FirebaseAuthCombine-Community */,
				1F9F01A72BF87287007CC9EB /* FirebaseCrashlytics */,
				1F9F01A92BF87287007CC9EB /* FirebaseDatabase */,
				1F9F01AB2BF87287007CC9EB /* FirebaseDatabaseSwift */,
				1F9F01AD2BF87287007CC9EB /* FirebaseDynamicLinks */,
				1F9F01AF2BF87287007CC9EB /* FirebaseFirestore */,
				1F9F01B12BF87287007CC9EB /* FirebaseFirestoreCombine-Community */,
				1F9F01B32BF87287007CC9EB /* FirebaseFirestoreSwift */,
				1F9F01B52BF87287007CC9EB /* FirebaseFunctions */,
				1F9F01B72BF87287007CC9EB /* FirebaseFunctionsCombine-Community */,
				1F9F01B92BF87287007CC9EB /* FirebaseInAppMessaging-Beta */,
				1F9F01BB2BF87287007CC9EB /* FirebaseInAppMessagingSwift-Beta */,
				1F9F01BD2BF87287007CC9EB /* FirebaseInstallations */,
				1F9F01BF2BF87287007CC9EB /* FirebaseMLModelDownloader */,
				1F9F01C12BF87287007CC9EB /* FirebaseMessaging */,
				1F9F01C32BF87287007CC9EB /* FirebasePerformance */,
				1F9F01C52BF87287007CC9EB /* FirebaseRemoteConfig */,
				1F9F01C72BF87287007CC9EB /* FirebaseRemoteConfigSwift */,
				1F9F01C92BF87287007CC9EB /* FirebaseStorage */,
				1F9F01CB2BF87287007CC9EB /* FirebaseStorageCombine-Community */,
				1F9F01CD2BF87287007CC9EB /* FirebaseVertexAI-Preview */,
			);
			productName = Shop;
			productReference = 1F9F017A2BF851D0007CC9EB /* Car Shop.app */;
			productType = "com.apple.product-type.application";
		};
/* End PBXNativeTarget section */

/* Begin PBXProject section */
		1F9F01722BF851D0007CC9EB /* Project object */ = {
			isa = PBXProject;
			attributes = {
				BuildIndependentTargetsInParallel = 1;
				LastSwiftUpdateCheck = 1430;
				LastUpgradeCheck = 1430;
				TargetAttributes = {
					1F9F01792BF851D0007CC9EB = {
						CreatedOnToolsVersion = 14.3.1;
					};
				};
			};
			buildConfigurationList = 1F9F01752BF851D0007CC9EB /* Build configuration list for PBXProject "Shop" */;
			compatibilityVersion = "Xcode 14.0";
			developmentRegion = en;
			hasScannedForEncodings = 0;
			knownRegions = (
				en,
				Base,
			);
			mainGroup = 1F9F01712BF851D0007CC9EB;
			packageReferences = (
				1F9F01962BF87287007CC9EB /* XCRemoteSwiftPackageReference "firebase-ios-sdk" */,
			);
			productRefGroup = 1F9F017B2BF851D0007CC9EB /* Products */;
			projectDirPath = "";
			projectRoot = "";
			targets = (
				1F9F01792BF851D0007CC9EB /* Shop */,
			);
		};
/* End PBXProject section */

/* Begin PBXResourcesBuildPhase section */
		1F9F01782BF851D0007CC9EB /* Resources */ = {
			isa = PBXResourcesBuildPhase;
			buildActionMask = 2147483647;
			files = (
				1F9F01852BF851D1007CC9EB /* Preview Assets.xcassets in Resources */,
				1F9F01822BF851D1007CC9EB /* Assets.xcassets in Resources */,
				1FB0CD4B2BFF050B00D5BFD1 /* GoogleService-Info.plist in Resources */,
			);
			runOnlyForDeploymentPostprocessing = 0;
		};
/* End PBXResourcesBuildPhase section */

/* Begin PBXSourcesBuildPhase section */
		1F9F01762BF851D0007CC9EB /* Sources */ = {
			isa = PBXSourcesBuildPhase;
			buildActionMask = 2147483647;
			files = (
				1FB0CD412BFD9B6B00D5BFD1 /* BrandsModel.swift in Sources */,
				1F9F01802BF851D0007CC9EB /* ContentView.swift in Sources */,
				1FB0CD492BFF02E000D5BFD1 /* Car.swift in Sources */,
				1FB0CD4E2BFF05F300D5BFD1 /* ImageSlider.swift in Sources */,
				1F9F01932BF86BA1007CC9EB /* SignUp.swift in Sources */,
				1F9F018D2BF85257007CC9EB /* Splash.swift in Sources */,
				1F9E44C72BFF146200C29671 /* Database.swift in Sources */,
				1FB0CD452BFDA68E00D5BFD1 /* Home.swift in Sources */,
				1FB0CD432BFD9F2E00D5BFD1 /* CarsModel.swift in Sources */,
				1F9F01912BF86695007CC9EB /* SignIn.swift in Sources */,
				1F9F018F2BF8530D007CC9EB /* Onboarding.swift in Sources */,
				1F9F017E2BF851D0007CC9EB /* ShopApp.swift in Sources */,
			);
			runOnlyForDeploymentPostprocessing = 0;
		};
/* End PBXSourcesBuildPhase section */

/* Begin XCBuildConfiguration section */
		1F9F01862BF851D1007CC9EB /* Debug */ = {
			isa = XCBuildConfiguration;
			buildSettings = {
				ALWAYS_SEARCH_USER_PATHS = NO;
				CLANG_ANALYZER_NONNULL = YES;
				CLANG_ANALYZER_NUMBER_OBJECT_CONVERSION = YES_AGGRESSIVE;
				CLANG_CXX_LANGUAGE_STANDARD = "gnu++20";
				CLANG_ENABLE_MODULES = YES;
				CLANG_ENABLE_OBJC_ARC = YES;
				CLANG_ENABLE_OBJC_WEAK = YES;
				CLANG_WARN_BLOCK_CAPTURE_AUTORELEASING = YES;
				CLANG_WARN_BOOL_CONVERSION = YES;
				CLANG_WARN_COMMA = YES;
				CLANG_WARN_CONSTANT_CONVERSION = YES;
				CLANG_WARN_DEPRECATED_OBJC_IMPLEMENTATIONS = YES;
				CLANG_WARN_DIRECT_OBJC_ISA_USAGE = YES_ERROR;
				CLANG_WARN_DOCUMENTATION_COMMENTS = YES;
				CLANG_WARN_EMPTY_BODY = YES;
				CLANG_WARN_ENUM_CONVERSION = YES;
				CLANG_WARN_INFINITE_RECURSION = YES;
				CLANG_WARN_INT_CONVERSION = YES;
				CLANG_WARN_NON_LITERAL_NULL_CONVERSION = YES;
				CLANG_WARN_OBJC_IMPLICIT_RETAIN_SELF = YES;
				CLANG_WARN_OBJC_LITERAL_CONVERSION = YES;
				CLANG_WARN_OBJC_ROOT_CLASS = YES_ERROR;
				CLANG_WARN_QUOTED_INCLUDE_IN_FRAMEWORK_HEADER = YES;
				CLANG_WARN_RANGE_LOOP_ANALYSIS = YES;
				CLANG_WARN_STRICT_PROTOTYPES = YES;
				CLANG_WARN_SUSPICIOUS_MOVE = YES;
				CLANG_WARN_UNGUARDED_AVAILABILITY = YES_AGGRESSIVE;
				CLANG_WARN_UNREACHABLE_CODE = YES;
				CLANG_WARN__DUPLICATE_METHOD_MATCH = YES;
				COPY_PHASE_STRIP = NO;
				DEBUG_INFORMATION_FORMAT = dwarf;
				ENABLE_STRICT_OBJC_MSGSEND = YES;
				ENABLE_TESTABILITY = YES;
				GCC_C_LANGUAGE_STANDARD = gnu11;
				GCC_DYNAMIC_NO_PIC = NO;
				GCC_NO_COMMON_BLOCKS = YES;
				GCC_OPTIMIZATION_LEVEL = 0;
				GCC_PREPROCESSOR_DEFINITIONS = (
					"DEBUG=1",
					"$(inherited)",
				);
				GCC_WARN_64_TO_32_BIT_CONVERSION = YES;
				GCC_WARN_ABOUT_RETURN_TYPE = YES_ERROR;
				GCC_WARN_UNDECLARED_SELECTOR = YES;
				GCC_WARN_UNINITIALIZED_AUTOS = YES_AGGRESSIVE;
				GCC_WARN_UNUSED_FUNCTION = YES;
				GCC_WARN_UNUSED_VARIABLE = YES;
				IPHONEOS_DEPLOYMENT_TARGET = 16.4;
				MTL_ENABLE_DEBUG_INFO = INCLUDE_SOURCE;
				MTL_FAST_MATH = YES;
				ONLY_ACTIVE_ARCH = YES;
				SDKROOT = iphoneos;
				SWIFT_ACTIVE_COMPILATION_CONDITIONS = DEBUG;
				SWIFT_OPTIMIZATION_LEVEL = "-Onone";
			};
			name = Debug;
		};
		1F9F01872BF851D1007CC9EB /* Release */ = {
			isa = XCBuildConfiguration;
			buildSettings = {
				ALWAYS_SEARCH_USER_PATHS = NO;
				CLANG_ANALYZER_NONNULL = YES;
				CLANG_ANALYZER_NUMBER_OBJECT_CONVERSION = YES_AGGRESSIVE;
				CLANG_CXX_LANGUAGE_STANDARD = "gnu++20";
				CLANG_ENABLE_MODULES = YES;
				CLANG_ENABLE_OBJC_ARC = YES;
				CLANG_ENABLE_OBJC_WEAK = YES;
				CLANG_WARN_BLOCK_CAPTURE_AUTORELEASING = YES;
				CLANG_WARN_BOOL_CONVERSION = YES;
				CLANG_WARN_COMMA = YES;
				CLANG_WARN_CONSTANT_CONVERSION = YES;
				CLANG_WARN_DEPRECATED_OBJC_IMPLEMENTATIONS = YES;
				CLANG_WARN_DIRECT_OBJC_ISA_USAGE = YES_ERROR;
				CLANG_WARN_DOCUMENTATION_COMMENTS = YES;
				CLANG_WARN_EMPTY_BODY = YES;
				CLANG_WARN_ENUM_CONVERSION = YES;
				CLANG_WARN_INFINITE_RECURSION = YES;
				CLANG_WARN_INT_CONVERSION = YES;
				CLANG_WARN_NON_LITERAL_NULL_CONVERSION = YES;
				CLANG_WARN_OBJC_IMPLICIT_RETAIN_SELF = YES;
				CLANG_WARN_OBJC_LITERAL_CONVERSION = YES;
				CLANG_WARN_OBJC_ROOT_CLASS = YES_ERROR;
				CLANG_WARN_QUOTED_INCLUDE_IN_FRAMEWORK_HEADER = YES;
				CLANG_WARN_RANGE_LOOP_ANALYSIS = YES;
				CLANG_WARN_STRICT_PROTOTYPES = YES;
				CLANG_WARN_SUSPICIOUS_MOVE = YES;
				CLANG_WARN_UNGUARDED_AVAILABILITY = YES_AGGRESSIVE;
				CLANG_WARN_UNREACHABLE_CODE = YES;
				CLANG_WARN__DUPLICATE_METHOD_MATCH = YES;
				COPY_PHASE_STRIP = NO;
				DEBUG_INFORMATION_FORMAT = "dwarf-with-dsym";
				ENABLE_NS_ASSERTIONS = NO;
				ENABLE_STRICT_OBJC_MSGSEND = YES;
				GCC_C_LANGUAGE_STANDARD = gnu11;
				GCC_NO_COMMON_BLOCKS = YES;
				GCC_WARN_64_TO_32_BIT_CONVERSION = YES;
				GCC_WARN_ABOUT_RETURN_TYPE = YES_ERROR;
				GCC_WARN_UNDECLARED_SELECTOR = YES;
				GCC_WARN_UNINITIALIZED_AUTOS = YES_AGGRESSIVE;
				GCC_WARN_UNUSED_FUNCTION = YES;
				GCC_WARN_UNUSED_VARIABLE = YES;
				IPHONEOS_DEPLOYMENT_TARGET = 16.4;
				MTL_ENABLE_DEBUG_INFO = NO;
				MTL_FAST_MATH = YES;
				SDKROOT = iphoneos;
				SWIFT_COMPILATION_MODE = wholemodule;
				SWIFT_OPTIMIZATION_LEVEL = "-O";
				VALIDATE_PRODUCT = YES;
			};
			name = Release;
		};
		1F9F01892BF851D1007CC9EB /* Debug */ = {
			isa = XCBuildConfiguration;
			buildSettings = {
				ASSETCATALOG_COMPILER_APPICON_NAME = AppIcon;
				ASSETCATALOG_COMPILER_GLOBAL_ACCENT_COLOR_NAME = AccentColor;
				CODE_SIGN_STYLE = Automatic;
				CURRENT_PROJECT_VERSION = 1;
				DEVELOPMENT_ASSET_PATHS = "\"Shop/Preview Content\"";
				DEVELOPMENT_TEAM = H32S5S3N46;
				ENABLE_PREVIEWS = YES;
				GENERATE_INFOPLIST_FILE = YES;
				INFOPLIST_KEY_UIApplicationSceneManifest_Generation = YES;
				INFOPLIST_KEY_UIApplicationSupportsIndirectInputEvents = YES;
				INFOPLIST_KEY_UILaunchScreen_Generation = YES;
				INFOPLIST_KEY_UISupportedInterfaceOrientations_iPad = "UIInterfaceOrientationPortrait UIInterfaceOrientationPortraitUpsideDown UIInterfaceOrientationLandscapeLeft UIInterfaceOrientationLandscapeRight";
				INFOPLIST_KEY_UISupportedInterfaceOrientations_iPhone = "UIInterfaceOrientationPortrait UIInterfaceOrientationLandscapeLeft UIInterfaceOrientationLandscapeRight";
				LD_RUNPATH_SEARCH_PATHS = (
					"$(inherited)",
					"@executable_path/Frameworks",
				);
				MARKETING_VERSION = 1.0;
				PRODUCT_BUNDLE_IDENTIFIER = limafer.Shop;
				PRODUCT_NAME = "Car Shop";
				SWIFT_EMIT_LOC_STRINGS = YES;
				SWIFT_VERSION = 5.0;
				TARGETED_DEVICE_FAMILY = "1,2";
			};
			name = Debug;
		};
		1F9F018A2BF851D1007CC9EB /* Release */ = {
			isa = XCBuildConfiguration;
			buildSettings = {
				ASSETCATALOG_COMPILER_APPICON_NAME = AppIcon;
				ASSETCATALOG_COMPILER_GLOBAL_ACCENT_COLOR_NAME = AccentColor;
				CODE_SIGN_STYLE = Automatic;
				CURRENT_PROJECT_VERSION = 1;
				DEVELOPMENT_ASSET_PATHS = "\"Shop/Preview Content\"";
				DEVELOPMENT_TEAM = H32S5S3N46;
				ENABLE_PREVIEWS = YES;
				GENERATE_INFOPLIST_FILE = YES;
				INFOPLIST_KEY_UIApplicationSceneManifest_Generation = YES;
				INFOPLIST_KEY_UIApplicationSupportsIndirectInputEvents = YES;
				INFOPLIST_KEY_UILaunchScreen_Generation = YES;
				INFOPLIST_KEY_UISupportedInterfaceOrientations_iPad = "UIInterfaceOrientationPortrait UIInterfaceOrientationPortraitUpsideDown UIInterfaceOrientationLandscapeLeft UIInterfaceOrientationLandscapeRight";
				INFOPLIST_KEY_UISupportedInterfaceOrientations_iPhone = "UIInterfaceOrientationPortrait UIInterfaceOrientationLandscapeLeft UIInterfaceOrientationLandscapeRight";
				LD_RUNPATH_SEARCH_PATHS = (
					"$(inherited)",
					"@executable_path/Frameworks",
				);
				MARKETING_VERSION = 1.0;
				PRODUCT_BUNDLE_IDENTIFIER = limafer.Shop;
				PRODUCT_NAME = "Car Shop";
				SWIFT_EMIT_LOC_STRINGS = YES;
				SWIFT_VERSION = 5.0;
				TARGETED_DEVICE_FAMILY = "1,2";
			};
			name = Release;
		};
/* End XCBuildConfiguration section */

/* Begin XCConfigurationList section */
		1F9F01752BF851D0007CC9EB /* Build configuration list for PBXProject "Shop" */ = {
			isa = XCConfigurationList;
			buildConfigurations = (
				1F9F01862BF851D1007CC9EB /* Debug */,
				1F9F01872BF851D1007CC9EB /* Release */,
			);
			defaultConfigurationIsVisible = 0;
			defaultConfigurationName = Release;
		};
		1F9F01882BF851D1007CC9EB /* Build configuration list for PBXNativeTarget "Shop" */ = {
			isa = XCConfigurationList;
			buildConfigurations = (
				1F9F01892BF851D1007CC9EB /* Debug */,
				1F9F018A2BF851D1007CC9EB /* Release */,
			);
			defaultConfigurationIsVisible = 0;
			defaultConfigurationName = Release;
		};
/* End XCConfigurationList section */

/* Begin XCRemoteSwiftPackageReference section */
		1F9F01962BF87287007CC9EB /* XCRemoteSwiftPackageReference "firebase-ios-sdk" */ = {
			isa = XCRemoteSwiftPackageReference;
			repositoryURL = "https://github.com/firebase/firebase-ios-sdk";
			requirement = {
				kind = upToNextMajorVersion;
				minimumVersion = 10.0.0;
			};
		};
/* End XCRemoteSwiftPackageReference section */

/* Begin XCSwiftPackageProductDependency section */
		1F9F01972BF87287007CC9EB /* FirebaseAnalytics */ = {
			isa = XCSwiftPackageProductDependency;
			package = 1F9F01962BF87287007CC9EB /* XCRemoteSwiftPackageReference "firebase-ios-sdk" */;
			productName = FirebaseAnalytics;
		};
		1F9F01992BF87287007CC9EB /* FirebaseAnalyticsOnDeviceConversion */ = {
			isa = XCSwiftPackageProductDependency;
			package = 1F9F01962BF87287007CC9EB /* XCRemoteSwiftPackageReference "firebase-ios-sdk" */;
			productName = FirebaseAnalyticsOnDeviceConversion;
		};
		1F9F019B2BF87287007CC9EB /* FirebaseAnalyticsSwift */ = {
			isa = XCSwiftPackageProductDependency;
			package = 1F9F01962BF87287007CC9EB /* XCRemoteSwiftPackageReference "firebase-ios-sdk" */;
			productName = FirebaseAnalyticsSwift;
		};
		1F9F019D2BF87287007CC9EB /* FirebaseAnalyticsWithoutAdIdSupport */ = {
			isa = XCSwiftPackageProductDependency;
			package = 1F9F01962BF87287007CC9EB /* XCRemoteSwiftPackageReference "firebase-ios-sdk" */;
			productName = FirebaseAnalyticsWithoutAdIdSupport;
		};
		1F9F019F2BF87287007CC9EB /* FirebaseAppCheck */ = {
			isa = XCSwiftPackageProductDependency;
			package = 1F9F01962BF87287007CC9EB /* XCRemoteSwiftPackageReference "firebase-ios-sdk" */;
			productName = FirebaseAppCheck;
		};
		1F9F01A12BF87287007CC9EB /* FirebaseAppDistribution-Beta */ = {
			isa = XCSwiftPackageProductDependency;
			package = 1F9F01962BF87287007CC9EB /* XCRemoteSwiftPackageReference "firebase-ios-sdk" */;
			productName = "FirebaseAppDistribution-Beta";
		};
		1F9F01A32BF87287007CC9EB /* FirebaseAuth */ = {
			isa = XCSwiftPackageProductDependency;
			package = 1F9F01962BF87287007CC9EB /* XCRemoteSwiftPackageReference "firebase-ios-sdk" */;
			productName = FirebaseAuth;
		};
		1F9F01A52BF87287007CC9EB /* FirebaseAuthCombine-Community */ = {
			isa = XCSwiftPackageProductDependency;
			package = 1F9F01962BF87287007CC9EB /* XCRemoteSwiftPackageReference "firebase-ios-sdk" */;
			productName = "FirebaseAuthCombine-Community";
		};
		1F9F01A72BF87287007CC9EB /* FirebaseCrashlytics */ = {
			isa = XCSwiftPackageProductDependency;
			package = 1F9F01962BF87287007CC9EB /* XCRemoteSwiftPackageReference "firebase-ios-sdk" */;
			productName = FirebaseCrashlytics;
		};
		1F9F01A92BF87287007CC9EB /* FirebaseDatabase */ = {
			isa = XCSwiftPackageProductDependency;
			package = 1F9F01962BF87287007CC9EB /* XCRemoteSwiftPackageReference "firebase-ios-sdk" */;
			productName = FirebaseDatabase;
		};
		1F9F01AB2BF87287007CC9EB /* FirebaseDatabaseSwift */ = {
			isa = XCSwiftPackageProductDependency;
			package = 1F9F01962BF87287007CC9EB /* XCRemoteSwiftPackageReference "firebase-ios-sdk" */;
			productName = FirebaseDatabaseSwift;
		};
		1F9F01AD2BF87287007CC9EB /* FirebaseDynamicLinks */ = {
			isa = XCSwiftPackageProductDependency;
			package = 1F9F01962BF87287007CC9EB /* XCRemoteSwiftPackageReference "firebase-ios-sdk" */;
			productName = FirebaseDynamicLinks;
		};
		1F9F01AF2BF87287007CC9EB /* FirebaseFirestore */ = {
			isa = XCSwiftPackageProductDependency;
			package = 1F9F01962BF87287007CC9EB /* XCRemoteSwiftPackageReference "firebase-ios-sdk" */;
			productName = FirebaseFirestore;
		};
		1F9F01B12BF87287007CC9EB /* FirebaseFirestoreCombine-Community */ = {
			isa = XCSwiftPackageProductDependency;
			package = 1F9F01962BF87287007CC9EB /* XCRemoteSwiftPackageReference "firebase-ios-sdk" */;
			productName = "FirebaseFirestoreCombine-Community";
		};
		1F9F01B32BF87287007CC9EB /* FirebaseFirestoreSwift */ = {
			isa = XCSwiftPackageProductDependency;
			package = 1F9F01962BF87287007CC9EB /* XCRemoteSwiftPackageReference "firebase-ios-sdk" */;
			productName = FirebaseFirestoreSwift;
		};
		1F9F01B52BF87287007CC9EB /* FirebaseFunctions */ = {
			isa = XCSwiftPackageProductDependency;
			package = 1F9F01962BF87287007CC9EB /* XCRemoteSwiftPackageReference "firebase-ios-sdk" */;
			productName = FirebaseFunctions;
		};
		1F9F01B72BF87287007CC9EB /* FirebaseFunctionsCombine-Community */ = {
			isa = XCSwiftPackageProductDependency;
			package = 1F9F01962BF87287007CC9EB /* XCRemoteSwiftPackageReference "firebase-ios-sdk" */;
			productName = "FirebaseFunctionsCombine-Community";
		};
		1F9F01B92BF87287007CC9EB /* FirebaseInAppMessaging-Beta */ = {
			isa = XCSwiftPackageProductDependency;
			package = 1F9F01962BF87287007CC9EB /* XCRemoteSwiftPackageReference "firebase-ios-sdk" */;
			productName = "FirebaseInAppMessaging-Beta";
		};
		1F9F01BB2BF87287007CC9EB /* FirebaseInAppMessagingSwift-Beta */ = {
			isa = XCSwiftPackageProductDependency;
			package = 1F9F01962BF87287007CC9EB /* XCRemoteSwiftPackageReference "firebase-ios-sdk" */;
			productName = "FirebaseInAppMessagingSwift-Beta";
		};
		1F9F01BD2BF87287007CC9EB /* FirebaseInstallations */ = {
			isa = XCSwiftPackageProductDependency;
			package = 1F9F01962BF87287007CC9EB /* XCRemoteSwiftPackageReference "firebase-ios-sdk" */;
			productName = FirebaseInstallations;
		};
		1F9F01BF2BF87287007CC9EB /* FirebaseMLModelDownloader */ = {
			isa = XCSwiftPackageProductDependency;
			package = 1F9F01962BF87287007CC9EB /* XCRemoteSwiftPackageReference "firebase-ios-sdk" */;
			productName = FirebaseMLModelDownloader;
		};
		1F9F01C12BF87287007CC9EB /* FirebaseMessaging */ = {
			isa = XCSwiftPackageProductDependency;
			package = 1F9F01962BF87287007CC9EB /* XCRemoteSwiftPackageReference "firebase-ios-sdk" */;
			productName = FirebaseMessaging;
		};
		1F9F01C32BF87287007CC9EB /* FirebasePerformance */ = {
			isa = XCSwiftPackageProductDependency;
			package = 1F9F01962BF87287007CC9EB /* XCRemoteSwiftPackageReference "firebase-ios-sdk" */;
			productName = FirebasePerformance;
		};
		1F9F01C52BF87287007CC9EB /* FirebaseRemoteConfig */ = {
			isa = XCSwiftPackageProductDependency;
			package = 1F9F01962BF87287007CC9EB /* XCRemoteSwiftPackageReference "firebase-ios-sdk" */;
			productName = FirebaseRemoteConfig;
		};
		1F9F01C72BF87287007CC9EB /* FirebaseRemoteConfigSwift */ = {
			isa = XCSwiftPackageProductDependency;
			package = 1F9F01962BF87287007CC9EB /* XCRemoteSwiftPackageReference "firebase-ios-sdk" */;
			productName = FirebaseRemoteConfigSwift;
		};
		1F9F01C92BF87287007CC9EB /* FirebaseStorage */ = {
			isa = XCSwiftPackageProductDependency;
			package = 1F9F01962BF87287007CC9EB /* XCRemoteSwiftPackageReference "firebase-ios-sdk" */;
			productName = FirebaseStorage;
		};
		1F9F01CB2BF87287007CC9EB /* FirebaseStorageCombine-Community */ = {
			isa = XCSwiftPackageProductDependency;
			package = 1F9F01962BF87287007CC9EB /* XCRemoteSwiftPackageReference "firebase-ios-sdk" */;
			productName = "FirebaseStorageCombine-Community";
		};
		1F9F01CD2BF87287007CC9EB /* FirebaseVertexAI-Preview */ = {
			isa = XCSwiftPackageProductDependency;
			package = 1F9F01962BF87287007CC9EB /* XCRemoteSwiftPackageReference "firebase-ios-sdk" */;
			productName = "FirebaseVertexAI-Preview";
		};
/* End XCSwiftPackageProductDependency section */
	};
	rootObject = 1F9F01722BF851D0007CC9EB /* Project object */;
}
